
Microsoft Visual Studio Solution File, Format Version 12.00
# Visual Studio 15
VisualStudioVersion = 15.0.27703.2042
MinimumVisualStudioVersion = 10.0.40219.1
Project("{FAE04EC0-301F-11D3-BF4B-00C04F79EFBC}") = "WSXCutTubeSystem", "WSXCutTubeSystem\WSXCutTubeSystem.csproj", "{8BD193CE-315B-437E-8CC8-37A361F850DD}"
	ProjectSection(ProjectDependencies) = postProject
		{6AA1E300-8783-4A86-A242-CDEF7A8E4F1B} = {6AA1E300-8783-4A86-A242-CDEF7A8E4F1B}
		{836635BB-5279-4B21-83BD-820DFDC78D88} = {836635BB-5279-4B21-83BD-820DFDC78D88}
	EndProjectSection
EndProject
Project("{FAE04EC0-301F-11D3-BF4B-00C04F79EFBC}") = "WSX.Draw3D", "Draw3D\WSX.Draw3D.csproj", "{836635BB-5279-4B21-83BD-820DFDC78D88}"
	ProjectSection(ProjectDependencies) = postProject
		{6AA1E300-8783-4A86-A242-CDEF7A8E4F1B} = {6AA1E300-8783-4A86-A242-CDEF7A8E4F1B}
		{B2984A6D-AD1C-4BE9-94AB-BA002B338751} = {B2984A6D-AD1C-4BE9-94AB-BA002B338751}
	EndProjectSection
EndProject
Project("{2150E333-8FDC-42A3-9474-1A3956D46DE8}") = "SharpGL", "SharpGL", "{1F0F7477-54FF-4743-A40F-C997E8893674}"
EndProject
Project("{FAE04EC0-301F-11D3-BF4B-00C04F79EFBC}") = "SharpGL.SceneGraph", "SharpGL.SceneGraph\SharpGL.SceneGraph.csproj", "{47BCAA39-EDAD-4404-B6BD-4742B0ABB523}"
EndProject
Project("{FAE04EC0-301F-11D3-BF4B-00C04F79EFBC}") = "SharpGL", "SharpGL\SharpGL.csproj", "{5EF45533-E2C7-46F2-B4A3-B8F36CD406E0}"
EndProject
Project("{FAE04EC0-301F-11D3-BF4B-00C04F79EFBC}") = "SharpGL.Serialization", "SharpGL.Serialization\SharpGL.Serialization.csproj", "{FDFA2632-A960-4778-A517-CA9E337C037C}"
EndProject
Project("{FAE04EC0-301F-11D3-BF4B-00C04F79EFBC}") = "SharpGL.WinForms", "SharpGL.WinForms\SharpGL.WinForms.csproj", "{B2984A6D-AD1C-4BE9-94AB-BA002B338751}"
EndProject
Project("{FAE04EC0-301F-11D3-BF4B-00C04F79EFBC}") = "WSX.ControlLibrary", "WSX.ControlLibrary\WSX.ControlLibrary.csproj", "{19C61A00-314C-4C19-BB6E-B5B9D9569F74}"
	ProjectSection(ProjectDependencies) = postProject
		{6AA1E300-8783-4A86-A242-CDEF7A8E4F1B} = {6AA1E300-8783-4A86-A242-CDEF7A8E4F1B}
		{3655A3C2-AC5F-4CBF-938C-2464C1CAC559} = {3655A3C2-AC5F-4CBF-938C-2464C1CAC559}
	EndProjectSection
EndProject
Project("{FAE04EC0-301F-11D3-BF4B-00C04F79EFBC}") = "WSX.GlobalData", "WSX.GlobalData\WSX.GlobalData.csproj", "{3655A3C2-AC5F-4CBF-938C-2464C1CAC559}"
EndProject
Project("{FAE04EC0-301F-11D3-BF4B-00C04F79EFBC}") = "WSX.CommomModel", "WSX.CommomModel\WSX.CommomModel.csproj", "{6AA1E300-8783-4A86-A242-CDEF7A8E4F1B}"
EndProject
Project("{9A19103F-16F7-4668-BE54-9A1E7A4F7556}") = "WSX.Iges", "WSX.Iges\WSX.Iges.csproj", "{299F17DB-031A-439D-9561-F8B299F8E31B}"
EndProject
Project("{FAE04EC0-301F-11D3-BF4B-00C04F79EFBC}") = "WSX.DataCollection", "WSX.DataCollection\WSX.DataCollection.csproj", "{9565C886-1683-420E-B793-EE5A01EE7691}"
EndProject
Project("{FAE04EC0-301F-11D3-BF4B-00C04F79EFBC}") = "WSX.Logger", "WSX.Logger\WSX.Logger.csproj", "{7EE3268A-3F81-43DD-8026-6106A1008F66}"
EndProject
Project("{FAE04EC0-301F-11D3-BF4B-00C04F79EFBC}") = "WSX.ViewModels", "WSX.ViewModels\WSX.ViewModels.csproj", "{93E27156-A870-4860-8374-11E92DD4D6FE}"
EndProject
Project("{FAE04EC0-301F-11D3-BF4B-00C04F79EFBC}") = "WSX.DXF", "WSX.DXF\WSX.DXF.csproj", "{785380E0-CEB9-4C34-82E5-60D0E33E848E}"
EndProject
Global
	GlobalSection(SolutionConfigurationPlatforms) = preSolution
		Debug|Any CPU = Debug|Any CPU
		Release|Any CPU = Release|Any CPU
	EndGlobalSection
	GlobalSection(ProjectConfigurationPlatforms) = postSolution
		{8BD193CE-315B-437E-8CC8-37A361F850DD}.Debug|Any CPU.ActiveCfg = Debug|x86
		{8BD193CE-315B-437E-8CC8-37A361F850DD}.Debug|Any CPU.Build.0 = Debug|x86
		{8BD193CE-315B-437E-8CC8-37A361F850DD}.Release|Any CPU.ActiveCfg = Release|Any CPU
		{8BD193CE-315B-437E-8CC8-37A361F850DD}.Release|Any CPU.Build.0 = Release|Any CPU
		{836635BB-5279-4B21-83BD-820DFDC78D88}.Debug|Any CPU.ActiveCfg = Debug|Any CPU
		{836635BB-5279-4B21-83BD-820DFDC78D88}.Debug|Any CPU.Build.0 = Debug|Any CPU
		{836635BB-5279-4B21-83BD-820DFDC78D88}.Release|Any CPU.ActiveCfg = Release|Any CPU
		{836635BB-5279-4B21-83BD-820DFDC78D88}.Release|Any CPU.Build.0 = Release|Any CPU
		{47BCAA39-EDAD-4404-B6BD-4742B0ABB523}.Debug|Any CPU.ActiveCfg = Debug|Any CPU
		{47BCAA39-EDAD-4404-B6BD-4742B0ABB523}.Debug|Any CPU.Build.0 = Debug|Any CPU
		{47BCAA39-EDAD-4404-B6BD-4742B0ABB523}.Release|Any CPU.ActiveCfg = Release|Any CPU
		{47BCAA39-EDAD-4404-B6BD-4742B0ABB523}.Release|Any CPU.Build.0 = Release|Any CPU
		{5EF45533-E2C7-46F2-B4A3-B8F36CD406E0}.Debug|Any CPU.ActiveCfg = Debug|Any CPU
		{5EF45533-E2C7-46F2-B4A3-B8F36CD406E0}.Debug|Any CPU.Build.0 = Debug|Any CPU
		{5EF45533-E2C7-46F2-B4A3-B8F36CD406E0}.Release|Any CPU.ActiveCfg = Release|Any CPU
		{5EF45533-E2C7-46F2-B4A3-B8F36CD406E0}.Release|Any CPU.Build.0 = Release|Any CPU
		{FDFA2632-A960-4778-A517-CA9E337C037C}.Debug|Any CPU.ActiveCfg = Debug|Any CPU
		{FDFA2632-A960-4778-A517-CA9E337C037C}.Debug|Any CPU.Build.0 = Debug|Any CPU
		{FDFA2632-A960-4778-A517-CA9E337C037C}.Release|Any CPU.ActiveCfg = Release|Any CPU
		{FDFA2632-A960-4778-A517-CA9E337C037C}.Release|Any CPU.Build.0 = Release|Any CPU
		{B2984A6D-AD1C-4BE9-94AB-BA002B338751}.Debug|Any CPU.ActiveCfg = Debug|Any CPU
		{B2984A6D-AD1C-4BE9-94AB-BA002B338751}.Debug|Any CPU.Build.0 = Debug|Any CPU
		{B2984A6D-AD1C-4BE9-94AB-BA002B338751}.Release|Any CPU.ActiveCfg = Release|Any CPU
		{B2984A6D-AD1C-4BE9-94AB-BA002B338751}.Release|Any CPU.Build.0 = Release|Any CPU
		{19C61A00-314C-4C19-BB6E-B5B9D9569F74}.Debug|Any CPU.ActiveCfg = Debug|Any CPU
		{19C61A00-314C-4C19-BB6E-B5B9D9569F74}.Debug|Any CPU.Build.0 = Debug|Any CPU
		{19C61A00-314C-4C19-BB6E-B5B9D9569F74}.Release|Any CPU.ActiveCfg = Release|Any CPU
		{19C61A00-314C-4C19-BB6E-B5B9D9569F74}.Release|Any CPU.Build.0 = Release|Any CPU
		{3655A3C2-AC5F-4CBF-938C-2464C1CAC559}.Debug|Any CPU.ActiveCfg = Debug|Any CPU
		{3655A3C2-AC5F-4CBF-938C-2464C1CAC559}.Debug|Any CPU.Build.0 = Debug|Any CPU
		{3655A3C2-AC5F-4CBF-938C-2464C1CAC559}.Release|Any CPU.ActiveCfg = Release|Any CPU
		{3655A3C2-AC5F-4CBF-938C-2464C1CAC559}.Release|Any CPU.Build.0 = Release|Any CPU
		{6AA1E300-8783-4A86-A242-CDEF7A8E4F1B}.Debug|Any CPU.ActiveCfg = Debug|Any CPU
		{6AA1E300-8783-4A86-A242-CDEF7A8E4F1B}.Debug|Any CPU.Build.0 = Debug|Any CPU
		{6AA1E300-8783-4A86-A242-CDEF7A8E4F1B}.Release|Any CPU.ActiveCfg = Release|Any CPU
		{6AA1E300-8783-4A86-A242-CDEF7A8E4F1B}.Release|Any CPU.Build.0 = Release|Any CPU
		{299F17DB-031A-439D-9561-F8B299F8E31B}.Debug|Any CPU.ActiveCfg = Debug|Any CPU
		{299F17DB-031A-439D-9561-F8B299F8E31B}.Debug|Any CPU.Build.0 = Debug|Any CPU
		{299F17DB-031A-439D-9561-F8B299F8E31B}.Release|Any CPU.ActiveCfg = Release|Any CPU
		{299F17DB-031A-439D-9561-F8B299F8E31B}.Release|Any CPU.Build.0 = Release|Any CPU
		{9565C886-1683-420E-B793-EE5A01EE7691}.Debug|Any CPU.ActiveCfg = Debug|Any CPU
		{9565C886-1683-420E-B793-EE5A01EE7691}.Debug|Any CPU.Build.0 = Debug|Any CPU
		{9565C886-1683-420E-B793-EE5A01EE7691}.Release|Any CPU.ActiveCfg = Release|Any CPU
		{9565C886-1683-420E-B793-EE5A01EE7691}.Release|Any CPU.Build.0 = Release|Any CPU
		{7EE3268A-3F81-43DD-8026-6106A1008F66}.Debug|Any CPU.ActiveCfg = Debug|Any CPU
		{7EE3268A-3F81-43DD-8026-6106A1008F66}.Debug|Any CPU.Build.0 = Debug|Any CPU
		{7EE3268A-3F81-43DD-8026-6106A1008F66}.Release|Any CPU.ActiveCfg = Release|Any CPU
		{7EE3268A-3F81-43DD-8026-6106A1008F66}.Release|Any CPU.Build.0 = Release|Any CPU
		{93E27156-A870-4860-8374-11E92DD4D6FE}.Debug|Any CPU.ActiveCfg = Debug|Any CPU
		{93E27156-A870-4860-8374-11E92DD4D6FE}.Debug|Any CPU.Build.0 = Debug|Any CPU
		{93E27156-A870-4860-8374-11E92DD4D6FE}.Release|Any CPU.ActiveCfg = Release|Any CPU
		{93E27156-A870-4860-8374-11E92DD4D6FE}.Release|Any CPU.Build.0 = Release|Any CPU
		{785380E0-CEB9-4C34-82E5-60D0E33E848E}.Debug|Any CPU.ActiveCfg = Debug|Any CPU
		{785380E0-CEB9-4C34-82E5-60D0E33E848E}.Debug|Any CPU.Build.0 = Debug|Any CPU
		{785380E0-CEB9-4C34-82E5-60D0E33E848E}.Release|Any CPU.ActiveCfg = Release|Any CPU
		{785380E0-CEB9-4C34-82E5-60D0E33E848E}.Release|Any CPU.Build.0 = Release|Any CPU
	EndGlobalSection
	GlobalSection(SolutionProperties) = preSolution
		HideSolutionNode = FALSE
	EndGlobalSection
	GlobalSection(NestedProjects) = preSolution
		{47BCAA39-EDAD-4404-B6BD-4742B0ABB523} = {1F0F7477-54FF-4743-A40F-C997E8893674}
		{5EF45533-E2C7-46F2-B4A3-B8F36CD406E0} = {1F0F7477-54FF-4743-A40F-C997E8893674}
		{FDFA2632-A960-4778-A517-CA9E337C037C} = {1F0F7477-54FF-4743-A40F-C997E8893674}
		{B2984A6D-AD1C-4BE9-94AB-BA002B338751} = {1F0F7477-54FF-4743-A40F-C997E8893674}
	EndGlobalSection
	GlobalSection(ExtensibilityGlobals) = postSolution
		SolutionGuid = {59DA750F-E634-445D-921E-1F76D743BE9B}
	EndGlobalSection
EndGlobal
